Microsoft Visual Studio Solution File, Format Version 12.00
# Visual Studio Version 17
VisualStudioVersion = 17.5.2.0
MinimumVisualStudioVersion = 10.0.40219.1
Project("{FAE04EC0-301F-11D3-BF4B-00C04F79EFBC}") = "SubstituicaoDeCaractere", "SubstituicaoDeCaractere\SubstituicaoDeCaractere.csproj", "{EDE69B78-09E1-DBE6-CCE9-C354EA4BECFF}"
EndProject
Global
	GlobalSection(SolutionConfigurationPlatforms) = preSolution
		Debug|Any CPU = Debug|Any CPU
		Release|Any CPU = Release|Any CPU
	EndGlobalSection
	GlobalSection(ProjectConfigurationPlatforms) = postSolution
		{EDE69B78-09E1-DBE6-CCE9-C354EA4BECFF}.Debug|Any CPU.ActiveCfg = Debug|Any CPU
		{EDE69B78-09E1-DBE6-CCE9-C354EA4BECFF}.Debug|Any CPU.Build.0 = Debug|Any CPU
		{EDE69B78-09E1-DBE6-CCE9-C354EA4BECFF}.Release|Any CPU.ActiveCfg = Release|Any CPU
		{EDE69B78-09E1-DBE6-CCE9-C354EA4BECFF}.Release|Any CPU.Build.0 = Release|Any CPU
	EndGlobalSection
	GlobalSection(SolutionProperties) = preSolution
		HideSolutionNode = FALSE
	EndGlobalSection
	GlobalSection(ExtensibilityGlobals) = postSolution
		SolutionGuid = {B224AE91-AA5C-4767-AB11-96140B01345F}
	EndGlobalSection
EndGlobal
